// !$*UTF8*$!
{
	archiveVersion = 1;
	classes = {
	};
	objectVersion = 50;
	objects = {

/* Begin PBXBuildFile section */
		7A43F178F6C61BBBD5B42277 /* Pods_Tumblr.framework in Frameworks */ = {isa = PBXBuildFile; fileRef = 12251B4077A38B4E22C44EAC /* Pods_Tumblr.framework */; };
		C7146BE7216DCCFD006B94F8 /* AppDelegate.swift in Sources */ = {isa = PBXBuildFile; fileRef = C7146BE6216DCCFD006B94F8 /* AppDelegate.swift */; };
		C7146BEC216DCCFD006B94F8 /* Main.storyboard in Resources */ = {isa = PBXBuildFile; fileRef = C7146BEA216DCCFD006B94F8 /* Main.storyboard */; };
		C7146BEE216DCCFE006B94F8 /* Assets.xcassets in Resources */ = {isa = PBXBuildFile; fileRef = C7146BED216DCCFE006B94F8 /* Assets.xcassets */; };
		C7146BF1216DCCFE006B94F8 /* LaunchScreen.storyboard in Resources */ = {isa = PBXBuildFile; fileRef = C7146BEF216DCCFE006B94F8 /* LaunchScreen.storyboard */; };
		C7146BFC216DCCFE006B94F8 /* TumblrTests.swift in Sources */ = {isa = PBXBuildFile; fileRef = C7146BFB216DCCFE006B94F8 /* TumblrTests.swift */; };
		C7146C07216DCCFE006B94F8 /* TumblrUITests.swift in Sources */ = {isa = PBXBuildFile; fileRef = C7146C06216DCCFE006B94F8 /* TumblrUITests.swift */; };
		C7146C15216DD07C006B94F8 /* PhotosViewController.swift in Sources */ = {isa = PBXBuildFile; fileRef = C7146C14216DD07C006B94F8 /* PhotosViewController.swift */; };
		C7146C17216DD993006B94F8 /* PhotoCell.swift in Sources */ = {isa = PBXBuildFile; fileRef = C7146C16216DD993006B94F8 /* PhotoCell.swift */; };
		C7146C19216E0D30006B94F8 /* PhotoDetailsViewController.swift in Sources */ = {isa = PBXBuildFile; fileRef = C7146C18216E0D30006B94F8 /* PhotoDetailsViewController.swift */; };
		EC98BFBEEC4388B4343FC47C /* Pods_TumblrTests.framework in Frameworks */ = {isa = PBXBuildFile; fileRef = 09163E43E4C9F6A756966953 /* Pods_TumblrTests.framework */; };
		F0C9AD2C633A1BC04085FF6C /* Pods_TumblrUITests.framework in Frameworks */ = {isa = PBXBuildFile; fileRef = DD57A1E2DEDC2273BA5CA66B /* Pods_TumblrUITests.framework */; };
/* End PBXBuildFile section */

/* Begin PBXContainerItemProxy section */
		C7146BF8216DCCFE006B94F8 /* PBXContainerItemProxy */ = {
			isa = PBXContainerItemProxy;
			containerPortal = C7146BDB216DCCFD006B94F8 /* Project object */;
			proxyType = 1;
			remoteGlobalIDString = C7146BE2216DCCFD006B94F8;
			remoteInfo = Tumblr;
		};
		C7146C03216DCCFE006B94F8 /* PBXContainerItemProxy */ = {
			isa = PBXContainerItemProxy;
			containerPortal = C7146BDB216DCCFD006B94F8 /* Project object */;
			proxyType = 1;
			remoteGlobalIDString = C7146BE2216DCCFD006B94F8;
			remoteInfo = Tumblr;
		};
/* End PBXContainerItemProxy section */

/* Begin PBXFileReference section */
		09163E43E4C9F6A756966953 /* Pods_TumblrTests.framework */ = {isa = PBXFileReference; explicitFileType = wrapper.framework; includeInIndex = 0; path = Pods_TumblrTests.framework; sourceTree = BUILT_PRODUCTS_DIR; };
		12251B4077A38B4E22C44EAC /* Pods_Tumblr.framework */ = {isa = PBXFileReference; explicitFileType = wrapper.framework; includeInIndex = 0; path = Pods_Tumblr.framework; sourceTree = BUILT_PRODUCTS_DIR; };
		2CAF6274C5FD54487EFC9379 /* Pods-Tumblr.debug.xcconfig */ = {isa = PBXFileReference; includeInIndex = 1; lastKnownFileType = text.xcconfig; name = "Pods-Tumblr.debug.xcconfig"; path = "Pods/Target Support Files/Pods-Tumblr/Pods-Tumblr.debug.xcconfig"; sourceTree = "<group>"; };
		A53D93D6150EFC686BF771A1 /* Pods-Tumblr.release.xcconfig */ = {isa = PBXFileReference; includeInIndex = 1; lastKnownFileType = text.xcconfig; name = "Pods-Tumblr.release.xcconfig"; path = "Pods/Target Support Files/Pods-Tumblr/Pods-Tumblr.release.xcconfig"; sourceTree = "<group>"; };
		B454AF70922E5E1D1A43D33C /* Pods-TumblrUITests.release.xcconfig */ = {isa = PBXFileReference; includeInIndex = 1; lastKnownFileType = text.xcconfig; name = "Pods-TumblrUITests.release.xcconfig"; path = "Pods/Target Support Files/Pods-TumblrUITests/Pods-TumblrUITests.release.xcconfig"; sourceTree = "<group>"; };
		C7146BE3216DCCFD006B94F8 /* Tumblr.app */ = {isa = PBXFileReference; explicitFileType = wrapper.application; includeInIndex = 0; path = Tumblr.app; sourceTree = BUILT_PRODUCTS_DIR; };
		C7146BE6216DCCFD006B94F8 /* AppDelegate.swift */ = {isa = PBXFileReference; lastKnownFileType = sourcecode.swift; path = AppDelegate.swift; sourceTree = "<group>"; };
		C7146BEB216DCCFD006B94F8 /* Base */ = {isa = PBXFileReference; lastKnownFileType = file.storyboard; name = Base; path = Base.lproj/Main.storyboard; sourceTree = "<group>"; };
		C7146BED216DCCFE006B94F8 /* Assets.xcassets */ = {isa = PBXFileReference; lastKnownFileType = folder.assetcatalog; path = Assets.xcassets; sourceTree = "<group>"; };
		C7146BF0216DCCFE006B94F8 /* Base */ = {isa = PBXFileReference; lastKnownFileType = file.storyboard; name = Base; path = Base.lproj/LaunchScreen.storyboard; sourceTree = "<group>"; };
		C7146BF2216DCCFE006B94F8 /* Info.plist */ = {isa = PBXFileReference; lastKnownFileType = text.plist.xml; path = Info.plist; sourceTree = "<group>"; };
		C7146BF7216DCCFE006B94F8 /* TumblrTests.xctest */ = {isa = PBXFileReference; explicitFileType = wrapper.cfbundle; includeInIndex = 0; path = TumblrTests.xctest; sourceTree = BUILT_PRODUCTS_DIR; };
		C7146BFB216DCCFE006B94F8 /* TumblrTests.swift */ = {isa = PBXFileReference; lastKnownFileType = sourcecode.swift; path = TumblrTests.swift; sourceTree = "<group>"; };
		C7146BFD216DCCFE006B94F8 /* Info.plist */ = {isa = PBXFileReference; lastKnownFileType = text.plist.xml; path = Info.plist; sourceTree = "<group>"; };
		C7146C02216DCCFE006B94F8 /* TumblrUITests.xctest */ = {isa = PBXFileReference; explicitFileType = wrapper.cfbundle; includeInIndex = 0; path = TumblrUITests.xctest; sourceTree = BUILT_PRODUCTS_DIR; };
		C7146C06216DCCFE006B94F8 /* TumblrUITests.swift */ = {isa = PBXFileReference; lastKnownFileType = sourcecode.swift; path = TumblrUITests.swift; sourceTree = "<group>"; };
		C7146C08216DCCFE006B94F8 /* Info.plist */ = {isa = PBXFileReference; lastKnownFileType = text.plist.xml; path = Info.plist; sourceTree = "<group>"; };
		C7146C14216DD07C006B94F8 /* PhotosViewController.swift */ = {isa = PBXFileReference; lastKnownFileType = sourcecode.swift; path = PhotosViewController.swift; sourceTree = "<group>"; };
		C7146C16216DD993006B94F8 /* PhotoCell.swift */ = {isa = PBXFileReference; lastKnownFileType = sourcecode.swift; path = PhotoCell.swift; sourceTree = "<group>"; };
		C7146C18216E0D30006B94F8 /* PhotoDetailsViewController.swift */ = {isa = PBXFileReference; lastKnownFileType = sourcecode.swift; path = PhotoDetailsViewController.swift; sourceTree = "<group>"; };
		C8697977279B284A71F34333 /* Pods-TumblrTests.release.xcconfig */ = {isa = PBXFileReference; includeInIndex = 1; lastKnownFileType = text.xcconfig; name = "Pods-TumblrTests.release.xcconfig"; path = "Pods/Target Support Files/Pods-TumblrTests/Pods-TumblrTests.release.xcconfig"; sourceTree = "<group>"; };
		DD57A1E2DEDC2273BA5CA66B /* Pods_TumblrUITests.framework */ = {isa = PBXFileReference; explicitFileType = wrapper.framework; includeInIndex = 0; path = Pods_TumblrUITests.framework; sourceTree = BUILT_PRODUCTS_DIR; };
		EF694000A5C454A82137095E /* Pods-TumblrUITests.debug.xcconfig */ = {isa = PBXFileReference; includeInIndex = 1; lastKnownFileType = text.xcconfig; name = "Pods-TumblrUITests.debug.xcconfig"; path = "Pods/Target Support Files/Pods-TumblrUITests/Pods-TumblrUITests.debug.xcconfig"; sourceTree = "<group>"; };
		FEA68A95CA5A1C98DD56E392 /* Pods-TumblrTests.debug.xcconfig */ = {isa = PBXFileReference; includeInIndex = 1; lastKnownFileType = text.xcconfig; name = "Pods-TumblrTests.debug.xcconfig"; path = "Pods/Target Support Files/Pods-TumblrTests/Pods-TumblrTests.debug.xcconfig"; sourceTree = "<group>"; };
/* End PBXFileReference section */

/* Begin PBXFrameworksBuildPhase section */
		C7146BE0216DCCFD006B94F8 /* Frameworks */ = {
			isa = PBXFrameworksBuildPhase;
			buildActionMask = 2147483647;
			files = (
				7A43F178F6C61BBBD5B42277 /* Pods_Tumblr.framework in Frameworks */,
			);
			runOnlyForDeploymentPostprocessing = 0;
		};
		C7146BF4216DCCFE006B94F8 /* Frameworks */ = {
			isa = PBXFrameworksBuildPhase;
			buildActionMask = 2147483647;
			files = (
				EC98BFBEEC4388B4343FC47C /* Pods_TumblrTests.framework in Frameworks */,
			);
			runOnlyForDeploymentPostprocessing = 0;
		};
		C7146BFF216DCCFE006B94F8 /* Frameworks */ = {
			isa = PBXFrameworksBuildPhase;
			buildActionMask = 2147483647;
			files = (
				F0C9AD2C633A1BC04085FF6C /* Pods_TumblrUITests.framework in Frameworks */,
			);
			runOnlyForDeploymentPostprocessing = 0;
		};
/* End PBXFrameworksBuildPhase section */

/* Begin PBXGroup section */
		510345721EAF55D03870829B /* Frameworks */ = {
			isa = PBXGroup;
			children = (
				12251B4077A38B4E22C44EAC /* Pods_Tumblr.framework */,
				09163E43E4C9F6A756966953 /* Pods_TumblrTests.framework */,
				DD57A1E2DEDC2273BA5CA66B /* Pods_TumblrUITests.framework */,
			);
			name = Frameworks;
			sourceTree = "<group>";
		};
		C7146BDA216DCCFD006B94F8 = {
			isa = PBXGroup;
			children = (
				C7146C18216E0D30006B94F8 /* PhotoDetailsViewController.swift */,
				C7146BE5216DCCFD006B94F8 /* Tumblr */,
				C7146BFA216DCCFE006B94F8 /* TumblrTests */,
				C7146C05216DCCFE006B94F8 /* TumblrUITests */,
				C7146BE4216DCCFD006B94F8 /* Products */,
				F033E52269CBE79C313309DA /* Pods */,
				510345721EAF55D03870829B /* Frameworks */,
			);
			sourceTree = "<group>";
		};
		C7146BE4216DCCFD006B94F8 /* Products */ = {
			isa = PBXGroup;
			children = (
				C7146BE3216DCCFD006B94F8 /* Tumblr.app */,
				C7146BF7216DCCFE006B94F8 /* TumblrTests.xctest */,
				C7146C02216DCCFE006B94F8 /* TumblrUITests.xctest */,
			);
			name = Products;
			sourceTree = "<group>";
		};
		C7146BE5216DCCFD006B94F8 /* Tumblr */ = {
			isa = PBXGroup;
			children = (
				C7146BE6216DCCFD006B94F8 /* AppDelegate.swift */,
				C7146C14216DD07C006B94F8 /* PhotosViewController.swift */,
				C7146BEA216DCCFD006B94F8 /* Main.storyboard */,
				C7146BED216DCCFE006B94F8 /* Assets.xcassets */,
				C7146BEF216DCCFE006B94F8 /* LaunchScreen.storyboard */,
				C7146BF2216DCCFE006B94F8 /* Info.plist */,
				C7146C16216DD993006B94F8 /* PhotoCell.swift */,
			);
			path = Tumblr;
			sourceTree = "<group>";
		};
		C7146BFA216DCCFE006B94F8 /* TumblrTests */ = {
			isa = PBXGroup;
			children = (
				C7146BFB216DCCFE006B94F8 /* TumblrTests.swift */,
				C7146BFD216DCCFE006B94F8 /* Info.plist */,
			);
			path = TumblrTests;
			sourceTree = "<group>";
		};
		C7146C05216DCCFE006B94F8 /* TumblrUITests */ = {
			isa = PBXGroup;
			children = (
				C7146C06216DCCFE006B94F8 /* TumblrUITests.swift */,
				C7146C08216DCCFE006B94F8 /* Info.plist */,
			);
			path = TumblrUITests;
			sourceTree = "<group>";
		};
		F033E52269CBE79C313309DA /* Pods */ = {
			isa = PBXGroup;
			children = (
				2CAF6274C5FD54487EFC9379 /* Pods-Tumblr.debug.xcconfig */,
				A53D93D6150EFC686BF771A1 /* Pods-Tumblr.release.xcconfig */,
				FEA68A95CA5A1C98DD56E392 /* Pods-TumblrTests.debug.xcconfig */,
				C8697977279B284A71F34333 /* Pods-TumblrTests.release.xcconfig */,
				EF694000A5C454A82137095E /* Pods-TumblrUITests.debug.xcconfig */,
				B454AF70922E5E1D1A43D33C /* Pods-TumblrUITests.release.xcconfig */,
			);
			name = Pods;
			sourceTree = "<group>";
		};
/* End PBXGroup section */

/* Begin PBXNativeTarget section */
		C7146BE2216DCCFD006B94F8 /* Tumblr */ = {
			isa = PBXNativeTarget;
			buildConfigurationList = C7146C0B216DCCFE006B94F8 /* Build configuration list for PBXNativeTarget "Tumblr" */;
			buildPhases = (
				C82514C18AE5718249415D95 /* [CP] Check Pods Manifest.lock */,
				C7146BDF216DCCFD006B94F8 /* Sources */,
				C7146BE0216DCCFD006B94F8 /* Frameworks */,
				C7146BE1216DCCFD006B94F8 /* Resources */,
				755B6EEE94E42FFF3DBDF548 /* [CP] Embed Pods Frameworks */,
			);
			buildRules = (
			);
			dependencies = (
			);
			name = Tumblr;
			productName = Tumblr;
			productReference = C7146BE3216DCCFD006B94F8 /* Tumblr.app */;
			productType = "com.apple.product-type.application";
		};
		C7146BF6216DCCFE006B94F8 /* TumblrTests */ = {
			isa = PBXNativeTarget;
			buildConfigurationList = C7146C0E216DCCFE006B94F8 /* Build configuration list for PBXNativeTarget "TumblrTests" */;
			buildPhases = (
				5AAFD838FCB4846AFBE9FFF9 /* [CP] Check Pods Manifest.lock */,
				C7146BF3216DCCFE006B94F8 /* Sources */,
				C7146BF4216DCCFE006B94F8 /* Frameworks */,
				C7146BF5216DCCFE006B94F8 /* Resources */,
			);
			buildRules = (
			);
			dependencies = (
				C7146BF9216DCCFE006B94F8 /* PBXTargetDependency */,
			);
			name = TumblrTests;
			productName = TumblrTests;
			productReference = C7146BF7216DCCFE006B94F8 /* TumblrTests.xctest */;
			productType = "com.apple.product-type.bundle.unit-test";
		};
		C7146C01216DCCFE006B94F8 /* TumblrUITests */ = {
			isa = PBXNativeTarget;
			buildConfigurationList = C7146C11216DCCFE006B94F8 /* Build configuration list for PBXNativeTarget "TumblrUITests" */;
			buildPhases = (
				9CF4250E3D3F6411A715044F /* [CP] Check Pods Manifest.lock */,
				C7146BFE216DCCFE006B94F8 /* Sources */,
				C7146BFF216DCCFE006B94F8 /* Frameworks */,
				C7146C00216DCCFE006B94F8 /* Resources */,
			);
			buildRules = (
			);
			dependencies = (
				C7146C04216DCCFE006B94F8 /* PBXTargetDependency */,
			);
			name = TumblrUITests;
			productName = TumblrUITests;
			productReference = C7146C02216DCCFE006B94F8 /* TumblrUITests.xctest */;
			productType = "com.apple.product-type.bundle.ui-testing";
		};
/* End PBXNativeTarget section */

/* Begin PBXProject section */
		C7146BDB216DCCFD006B94F8 /* Project object */ = {
			isa = PBXProject;
			attributes = {
				LastSwiftUpdateCheck = 1000;
				LastUpgradeCheck = 1000;
				ORGANIZATIONNAME = "Felipe De La Torre";
				TargetAttributes = {
					C7146BE2216DCCFD006B94F8 = {
						CreatedOnToolsVersion = 10.0;
					};
					C7146BF6216DCCFE006B94F8 = {
						CreatedOnToolsVersion = 10.0;
						TestTargetID = C7146BE2216DCCFD006B94F8;
					};
					C7146C01216DCCFE006B94F8 = {
						CreatedOnToolsVersion = 10.0;
						TestTargetID = C7146BE2216DCCFD006B94F8;
					};
				};
			};
			buildConfigurationList = C7146BDE216DCCFD006B94F8 /* Build configuration list for PBXProject "Tumblr" */;
			compatibilityVersion = "Xcode 9.3";
			developmentRegion = en;
			hasScannedForEncodings = 0;
			knownRegions = (
				en,
				Base,
			);
			mainGroup = C7146BDA216DCCFD006B94F8;
			productRefGroup = C7146BE4216DCCFD006B94F8 /* Products */;
			projectDirPath = "";
			projectRoot = "";
			targets = (
				C7146BE2216DCCFD006B94F8 /* Tumblr */,
				C7146BF6216DCCFE006B94F8 /* TumblrTests */,
				C7146C01216DCCFE006B94F8 /* TumblrUITests */,
			);
		};
/* End PBXProject section */

/* Begin PBXResourcesBuildPhase section */
		C7146BE1216DCCFD006B94F8 /* Resources */ = {
			isa = PBXResourcesBuildPhase;
			buildActionMask = 2147483647;
			files = (
				C7146BF1216DCCFE006B94F8 /* LaunchScreen.storyboard in Resources */,
				C7146BEE216DCCFE006B94F8 /* Assets.xcassets in Resources */,
				C7146BEC216DCCFD006B94F8 /* Main.storyboard in Resources */,
			);
			runOnlyForDeploymentPostprocessing = 0;
		};
		C7146BF5216DCCFE006B94F8 /* Resources */ = {
			isa = PBXResourcesBuildPhase;
			buildActionMask = 2147483647;
			files = (
			);
			runOnlyForDeploymentPostprocessing = 0;
		};
		C7146C00216DCCFE006B94F8 /* Resources */ = {
			isa = PBXResourcesBuildPhase;
			buildActionMask = 2147483647;
			files = (
			);
			runOnlyForDeploymentPostprocessing = 0;
		};
/* End PBXResourcesBuildPhase section */

/* Begin PBXShellScriptBuildPhase section */
		5AAFD838FCB4846AFBE9FFF9 /* [CP] Check Pods Manifest.lock */ = {
			isa = PBXShellScriptBuildPhase;
			buildActionMask = 2147483647;
			files = (
			);
			inputFileListPaths = (
			);
			inputPaths = (
				"${PODS_PODFILE_DIR_PATH}/Podfile.lock",
				"${PODS_ROOT}/Manifest.lock",
			);
			name = "[CP] Check Pods Manifest.lock";
			outputFileListPaths = (
			);
			outputPaths = (
				"$(DERIVED_FILE_DIR)/Pods-TumblrTests-checkManifestLockResult.txt",
			);
			runOnlyForDeploymentPostprocessing = 0;
			shellPath = /bin/sh;
			shellScript = "diff \"${PODS_PODFILE_DIR_PATH}/Podfile.lock\" \"${PODS_ROOT}/Manifest.lock\" > /dev/null\nif [ $? != 0 ] ; then\n    # print error to STDERR\n    echo \"error: The sandbox is not in sync with the Podfile.lock. Run 'pod install' or update your CocoaPods installation.\" >&2\n    exit 1\nfi\n# This output is used by Xcode 'outputs' to avoid re-running this script phase.\necho \"SUCCESS\" > \"${SCRIPT_OUTPUT_FILE_0}\"\n";
			showEnvVarsInLog = 0;
		};
		755B6EEE94E42FFF3DBDF548 /* [CP] Embed Pods Frameworks */ = {
			isa = PBXShellScriptBuildPhase;
			buildActionMask = 2147483647;
			files = (
			);
			inputFileListPaths = (
			);
			inputPaths = (
				"${SRCROOT}/Pods/Target Support Files/Pods-Tumblr/Pods-Tumblr-frameworks.sh",
				"${BUILT_PRODUCTS_DIR}/Alamofire/Alamofire.framework",
				"${BUILT_PRODUCTS_DIR}/AlamofireImage/AlamofireImage.framework",
			);
			name = "[CP] Embed Pods Frameworks";
			outputFileListPaths = (
			);
			outputPaths = (
				"${TARGET_BUILD_DIR}/${FRAMEWORKS_FOLDER_PATH}/Alamofire.framework",
				"${TARGET_BUILD_DIR}/${FRAMEWORKS_FOLDER_PATH}/AlamofireImage.framework",
			);
			runOnlyForDeploymentPostprocessing = 0;
			shellPath = /bin/sh;
			shellScript = "\"${SRCROOT}/Pods/Target Support Files/Pods-Tumblr/Pods-Tumblr-frameworks.sh\"\n";
			showEnvVarsInLog = 0;
		};
		9CF4250E3D3F6411A715044F /* [CP] Check Pods Manifest.lock */ = {
			isa = PBXShellScriptBuildPhase;
			buildActionMask = 2147483647;
			files = (
			);
			inputFileListPaths = (
			);
			inputPaths = (
				"${PODS_PODFILE_DIR_PATH}/Podfile.lock",
				"${PODS_ROOT}/Manifest.lock",
			);
			name = "[CP] Check Pods Manifest.lock";
			outputFileListPaths = (
			);
			outputPaths = (
				"$(DERIVED_FILE_DIR)/Pods-TumblrUITests-checkManifestLockResult.txt",
			);
			runOnlyForDeploymentPostprocessing = 0;
			shellPath = /bin/sh;
			shellScript = "diff \"${PODS_PODFILE_DIR_PATH}/Podfile.lock\" \"${PODS_ROOT}/Manifest.lock\" > /dev/null\nif [ $? != 0 ] ; then\n    # print error to STDERR\n    echo \"error: The sandbox is not in sync with the Podfile.lock. Run 'pod install' or update your CocoaPods installation.\" >&2\n    exit 1\nfi\n# This output is used by Xcode 'outputs' to avoid re-running this script phase.\necho \"SUCCESS\" > \"${SCRIPT_OUTPUT_FILE_0}\"\n";
			showEnvVarsInLog = 0;
		};
		C82514C18AE5718249415D95 /* [CP] Check Pods Manifest.lock */ = {
			isa = PBXShellScriptBuildPhase;
			buildActionMask = 2147483647;
			files = (
			);
			inputFileListPaths = (
			);
			inputPaths = (
				"${PODS_PODFILE_DIR_PATH}/Podfile.lock",
				"${PODS_ROOT}/Manifest.lock",
			);
			name = "[CP] Check Pods Manifest.lock";
			outputFileListPaths = (
			);
			outputPaths = (
				"$(DERIVED_FILE_DIR)/Pods-Tumblr-checkManifestLockResult.txt",
			);
			runOnlyForDeploymentPostprocessing = 0;
			shellPath = /bin/sh;
			shellScript = "diff \"${PODS_PODFILE_DIR_PATH}/Podfile.lock\" \"${PODS_ROOT}/Manifest.lock\" > /dev/null\nif [ $? != 0 ] ; then\n    # print error to STDERR\n    echo \"error: The sandbox is not in sync with the Podfile.lock. Run 'pod install' or update your CocoaPods installation.\" >&2\n    exit 1\nfi\n# This output is used by Xcode 'outputs' to avoid re-running this script phase.\necho \"SUCCESS\" > \"${SCRIPT_OUTPUT_FILE_0}\"\n";
			showEnvVarsInLog = 0;
		};
/* End PBXShellScriptBuildPhase section */

/* Begin PBXSourcesBuildPhase section */
		C7146BDF216DCCFD006B94F8 /* Sources */ = {
			isa = PBXSourcesBuildPhase;
			buildActionMask = 2147483647;
			files = (
				C7146C19216E0D30006B94F8 /* PhotoDetailsViewController.swift in Sources */,
				C7146BE7216DCCFD006B94F8 /* AppDelegate.swift in Sources */,
				C7146C17216DD993006B94F8 /* PhotoCell.swift in Sources */,
				C7146C15216DD07C006B94F8 /* PhotosViewController.swift in Sources */,
			);
			runOnlyForDeploymentPostprocessing = 0;
		};
		C7146BF3216DCCFE006B94F8 /* Sources */ = {
			isa = PBXSourcesBuildPhase;
			buildActionMask = 2147483647;
			files = (
				C7146BFC216DCCFE006B94F8 /* TumblrTests.swift in Sources */,
			);
			runOnlyForDeploymentPostprocessing = 0;
		};
		C7146BFE216DCCFE006B94F8 /* Sources */ = {
			isa = PBXSourcesBuildPhase;
			buildActionMask = 2147483647;
			files = (
				C7146C07216DCCFE006B94F8 /* TumblrUITests.swift in Sources */,
			);
			runOnlyForDeploymentPostprocessing = 0;
		};
/* End PBXSourcesBuildPhase section */

/* Begin PBXTargetDependency section */
		C7146BF9216DCCFE006B94F8 /* PBXTargetDependency */ = {
			isa = PBXTargetDependency;
			target = C7146BE2216DCCFD006B94F8 /* Tumblr */;
			targetProxy = C7146BF8216DCCFE006B94F8 /* PBXContainerItemProxy */;
		};
		C7146C04216DCCFE006B94F8 /* PBXTargetDependency */ = {
			isa = PBXTargetDependency;
			target = C7146BE2216DCCFD006B94F8 /* Tumblr */;
			targetProxy = C7146C03216DCCFE006B94F8 /* PBXContainerItemProxy */;
		};
/* End PBXTargetDependency section */

/* Begin PBXVariantGroup section */
		C7146BEA216DCCFD006B94F8 /* Main.storyboard */ = {
			isa = PBXVariantGroup;
			children = (
				C7146BEB216DCCFD006B94F8 /* Base */,
			);
			name = Main.storyboard;
			sourceTree = "<group>";
		};
		C7146BEF216DCCFE006B94F8 /* LaunchScreen.storyboard */ = {
			isa = PBXVariantGroup;
			children = (
				C7146BF0216DCCFE006B94F8 /* Base */,
			);
			name = LaunchScreen.storyboard;
			sourceTree = "<group>";
		};
/* End PBXVariantGroup section */

/* Begin XCBuildConfiguration section */
		C7146C09216DCCFE006B94F8 /* Debug */ = {
			isa = XCBuildConfiguration;
			buildSettings = {
				ALWAYS_SEARCH_USER_PATHS = NO;
				CLANG_ANALYZER_NONNULL = YES;
				CLANG_ANALYZER_NUMBER_OBJECT_CONVERSION = YES_AGGRESSIVE;
				CLANG_CXX_LANGUAGE_STANDARD = "gnu++14";
				CLANG_CXX_LIBRARY = "libc++";
				CLANG_ENABLE_MODULES = YES;
				CLANG_ENABLE_OBJC_ARC = YES;
				CLANG_ENABLE_OBJC_WEAK = YES;
				CLANG_WARN_BLOCK_CAPTURE_AUTORELEASING = YES;
				CLANG_WARN_BOOL_CONVERSION = YES;
				CLANG_WARN_COMMA = YES;
				CLANG_WARN_CONSTANT_CONVERSION = YES;
				CLANG_WARN_DEPRECATED_OBJC_IMPLEMENTATIONS = YES;
				CLANG_WARN_DIRECT_OBJC_ISA_USAGE = YES_ERROR;
				CLANG_WARN_DOCUMENTATION_COMMENTS = YES;
				CLANG_WARN_EMPTY_BODY = YES;
				CLANG_WARN_ENUM_CONVERSION = YES;
				CLANG_WARN_INFINITE_RECURSION = YES;
				CLANG_WARN_INT_CONVERSION = YES;
				CLANG_WARN_NON_LITERAL_NULL_CONVERSION = YES;
				CLANG_WARN_OBJC_IMPLICIT_RETAIN_SELF = YES;
				CLANG_WARN_OBJC_LITERAL_CONVERSION = YES;
				CLANG_WARN_OBJC_ROOT_CLASS = YES_ERROR;
				CLANG_WARN_RANGE_LOOP_ANALYSIS = YES;
				CLANG_WARN_STRICT_PROTOTYPES = YES;
				CLANG_WARN_SUSPICIOUS_MOVE = YES;
				CLANG_WARN_UNGUARDED_AVAILABILITY = YES_AGGRESSIVE;
				CLANG_WARN_UNREACHABLE_CODE = YES;
				CLANG_WARN__DUPLICATE_METHOD_MATCH = YES;
				CODE_SIGN_IDENTITY = "iPhone Developer";
				COPY_PHASE_STRIP = NO;
				DEBUG_INFORMATION_FORMAT = dwarf;
				ENABLE_STRICT_OBJC_MSGSEND = YES;
				ENABLE_TESTABILITY = YES;
				GCC_C_LANGUAGE_STANDARD = gnu11;
				GCC_DYNAMIC_NO_PIC = NO;
				GCC_NO_COMMON_BLOCKS = YES;
				GCC_OPTIMIZATION_LEVEL = 0;
				GCC_PREPROCESSOR_DEFINITIONS = (
					"DEBUG=1",
					"$(inherited)",
				);
				GCC_WARN_64_TO_32_BIT_CONVERSION = YES;
				GCC_WARN_ABOUT_RETURN_TYPE = YES_ERROR;
				GCC_WARN_UNDECLARED_SELECTOR = YES;
				GCC_WARN_UNINITIALIZED_AUTOS = YES_AGGRESSIVE;
				GCC_WARN_UNUSED_FUNCTION = YES;
				GCC_WARN_UNUSED_VARIABLE = YES;
				IPHONEOS_DEPLOYMENT_TARGET = 12.0;
				MTL_ENABLE_DEBUG_INFO = INCLUDE_SOURCE;
				MTL_FAST_MATH = YES;
				ONLY_ACTIVE_ARCH = YES;
				SDKROOT = iphoneos;
				SWIFT_ACTIVE_COMPILATION_CONDITIONS = DEBUG;
				SWIFT_OPTIMIZATION_LEVEL = "-Onone";
			};
			name = Debug;
		};
		C7146C0A216DCCFE006B94F8 /* Release */ = {
			isa = XCBuildConfiguration;
			buildSettings = {
				ALWAYS_SEARCH_USER_PATHS = NO;
				CLANG_ANALYZER_NONNULL = YES;
				CLANG_ANALYZER_NUMBER_OBJECT_CONVERSION = YES_AGGRESSIVE;
				CLANG_CXX_LANGUAGE_STANDARD = "gnu++14";
				CLANG_CXX_LIBRARY = "libc++";
				CLANG_ENABLE_MODULES = YES;
				CLANG_ENABLE_OBJC_ARC = YES;
				CLANG_ENABLE_OBJC_WEAK = YES;
				CLANG_WARN_BLOCK_CAPTURE_AUTORELEASING = YES;
				CLANG_WARN_BOOL_CONVERSION = YES;
				CLANG_WARN_COMMA = YES;
				CLANG_WARN_CONSTANT_CONVERSION = YES;
				CLANG_WARN_DEPRECATED_OBJC_IMPLEMENTATIONS = YES;
				CLANG_WARN_DIRECT_OBJC_ISA_USAGE = YES_ERROR;
				CLANG_WARN_DOCUMENTATION_COMMENTS = YES;
				CLANG_WARN_EMPTY_BODY = YES;
				CLANG_WARN_ENUM_CONVERSION = YES;
				CLANG_WARN_INFINITE_RECURSION = YES;
				CLANG_WARN_INT_CONVERSION = YES;
				CLANG_WARN_NON_LITERAL_NULL_CONVERSION = YES;
				CLANG_WARN_OBJC_IMPLICIT_RETAIN_SELF = YES;
				CLANG_WARN_OBJC_LITERAL_CONVERSION = YES;
				CLANG_WARN_OBJC_ROOT_CLASS = YES_ERROR;
				CLANG_WARN_RANGE_LOOP_ANALYSIS = YES;
				CLANG_WARN_STRICT_PROTOTYPES = YES;
				CLANG_WARN_SUSPICIOUS_MOVE = YES;
				CLANG_WARN_UNGUARDED_AVAILABILITY = YES_AGGRESSIVE;
				CLANG_WARN_UNREACHABLE_CODE = YES;
				CLANG_WARN__DUPLICATE_METHOD_MATCH = YES;
				CODE_SIGN_IDENTITY = "iPhone Developer";
				COPY_PHASE_STRIP = NO;
				DEBUG_INFORMATION_FORMAT = "dwarf-with-dsym";
				ENABLE_NS_ASSERTIONS = NO;
				ENABLE_STRICT_OBJC_MSGSEND = YES;
				GCC_C_LANGUAGE_STANDARD = gnu11;
				GCC_NO_COMMON_BLOCKS = YES;
				GCC_WARN_64_TO_32_BIT_CONVERSION = YES;
				GCC_WARN_ABOUT_RETURN_TYPE = YES_ERROR;
				GCC_WARN_UNDECLARED_SELECTOR = YES;
				GCC_WARN_UNINITIALIZED_AUTOS = YES_AGGRESSIVE;
				GCC_WARN_UNUSED_FUNCTION = YES;
				GCC_WARN_UNUSED_VARIABLE = YES;
				IPHONEOS_DEPLOYMENT_TARGET = 12.0;
				MTL_ENABLE_DEBUG_INFO = NO;
				MTL_FAST_MATH = YES;
				SDKROOT = iphoneos;
				SWIFT_COMPILATION_MODE = wholemodule;
				SWIFT_OPTIMIZATION_LEVEL = "-O";
				VALIDATE_PRODUCT = YES;
			};
			name = Release;
		};
		C7146C0C216DCCFE006B94F8 /* Debug */ = {
			isa = XCBuildConfiguration;
			baseConfigurationReference = 2CAF6274C5FD54487EFC9379 /* Pods-Tumblr.debug.xcconfig */;
			buildSettings = {
				ASSETCATALOG_COMPILER_APPICON_NAME = AppIcon;
				CODE_SIGN_STYLE = Automatic;
				INFOPLIST_FILE = Tumblr/Info.plist;
				LD_RUNPATH_SEARCH_PATHS = (
					"$(inherited)",
					"@executable_path/Frameworks",
				);
				PRODUCT_BUNDLE_IDENTIFIER = com.codepath.Tumblr;
				PRODUCT_NAME = "$(TARGET_NAME)";
				SWIFT_VERSION = 4.2;
				TARGETED_DEVICE_FAMILY = "1,2";
			};
			name = Debug;
		};
		C7146C0D216DCCFE006B94F8 /* Release */ = {
			isa = XCBuildConfiguration;
			baseConfigurationReference = A53D93D6150EFC686BF771A1 /* Pods-Tumblr.release.xcconfig */;
			buildSettings = {
				ASSETCATALOG_COMPILER_APPICON_NAME = AppIcon;
				CODE_SIGN_STYLE = Automatic;
				INFOPLIST_FILE = Tumblr/Info.plist;
				LD_RUNPATH_SEARCH_PATHS = (
					"$(inherited)",
					"@executable_path/Frameworks",
				);
				PRODUCT_BUNDLE_IDENTIFIER = com.codepath.Tumblr;
				PRODUCT_NAME = "$(TARGET_NAME)";
				SWIFT_VERSION = 4.2;
				TARGETED_DEVICE_FAMILY = "1,2";
			};
			name = Release;
		};
		C7146C0F216DCCFE006B94F8 /* Debug */ = {
			isa = XCBuildConfiguration;
			baseConfigurationReference = FEA68A95CA5A1C98DD56E392 /* Pods-TumblrTests.debug.xcconfig */;
			buildSettings = {
				ALWAYS_EMBED_SWIFT_STANDARD_LIBRARIES = YES;
				BUNDLE_LOADER = "$(TEST_HOST)";
				CODE_SIGN_STYLE = Automatic;
				INFOPLIST_FILE = TumblrTests/Info.plist;
				LD_RUNPATH_SEARCH_PATHS = (
					"$(inherited)",
					"@executable_path/Frameworks",
					"@loader_path/Frameworks",
				);
				PRODUCT_BUNDLE_IDENTIFIER = com.codepath.TumblrTests;
				PRODUCT_NAME = "$(TARGET_NAME)";
				SWIFT_VERSION = 4.2;
				TARGETED_DEVICE_FAMILY = "1,2";
				TEST_HOST = "$(BUILT_PRODUCTS_DIR)/Tumblr.app/Tumblr";
			};
			name = Debug;
		};
		C7146C10216DCCFE006B94F8 /* Release */ = {
			isa = XCBuildConfiguration;
			baseConfigurationReference = C8697977279B284A71F34333 /* Pods-TumblrTests.release.xcconfig */;
			buildSettings = {
				ALWAYS_EMBED_SWIFT_STANDARD_LIBRARIES = YES;
				BUNDLE_LOADER = "$(TEST_HOST)";
				CODE_SIGN_STYLE = Automatic;
				INFOPLIST_FILE = TumblrTests/Info.plist;
				LD_RUNPATH_SEARCH_PATHS = (
					"$(inherited)",
					"@executable_path/Frameworks",
					"@loader_path/Frameworks",
				);
				PRODUCT_BUNDLE_IDENTIFIER = com.codepath.TumblrTests;
				PRODUCT_NAME = "$(TARGET_NAME)";
				SWIFT_VERSION = 4.2;
				TARGETED_DEVICE_FAMILY = "1,2";
				TEST_HOST = "$(BUILT_PRODUCTS_DIR)/Tumblr.app/Tumblr";
			};
			name = Release;
		};
		C7146C12216DCCFE006B94F8 /* Debug */ = {
			isa = XCBuildConfiguration;
			baseConfigurationReference = EF694000A5C454A82137095E /* Pods-TumblrUITests.debug.xcconfig */;
			buildSettings = {
				ALWAYS_EMBED_SWIFT_STANDARD_LIBRARIES = YES;
				CODE_SIGN_STYLE = Automatic;
				INFOPLIST_FILE = TumblrUITests/Info.plist;
				LD_RUNPATH_SEARCH_PATHS = (
					"$(inherited)",
					"@executable_path/Frameworks",
					"@loader_path/Frameworks",
				);
				PRODUCT_BUNDLE_IDENTIFIER = com.codepath.TumblrUITests;
				PRODUCT_NAME = "$(TARGET_NAME)";
				SWIFT_VERSION = 4.2;
				TARGETED_DEVICE_FAMILY = "1,2";
				TEST_TARGET_NAME = Tumblr;
			};
			name = Debug;
		};
		C7146C13216DCCFE006B94F8 /* Release */ = {
			isa = XCBuildConfiguration;
			baseConfigurationReference = B454AF70922E5E1D1A43D33C /* Pods-TumblrUITests.release.xcconfig */;
			buildSettings = {
				ALWAYS_EMBED_SWIFT_STANDARD_LIBRARIES = YES;
				CODE_SIGN_STYLE = Automatic;
				INFOPLIST_FILE = TumblrUITests/Info.plist;
				LD_RUNPATH_SEARCH_PATHS = (
					"$(inherited)",
					"@executable_path/Frameworks",
					"@loader_path/Frameworks",
				);
				PRODUCT_BUNDLE_IDENTIFIER = com.codepath.TumblrUITests;
				PRODUCT_NAME = "$(TARGET_NAME)";
				SWIFT_VERSION = 4.2;
				TARGETED_DEVICE_FAMILY = "1,2";
				TEST_TARGET_NAME = Tumblr;
			};
			name = Release;
		};
/* End XCBuildConfiguration section */

/* Begin XCConfigurationList section */
		C7146BDE216DCCFD006B94F8 /* Build configuration list for PBXProject "Tumblr" */ = {
			isa = XCConfigurationList;
			buildConfigurations = (
				C7146C09216DCCFE006B94F8 /* Debug */,
				C7146C0A216DCCFE006B94F8 /* Release */,
			);
			defaultConfigurationIsVisible = 0;
			defaultConfigurationName = Release;
		};
		C7146C0B216DCCFE006B94F8 /* Build configuration list for PBXNativeTarget "Tumblr" */ = {
			isa = XCConfigurationList;
			buildConfigurations = (
				C7146C0C216DCCFE006B94F8 /* Debug */,
				C7146C0D216DCCFE006B94F8 /* Release */,
			);
			defaultConfigurationIsVisible = 0;
			defaultConfigurationName = Release;
		};
		C7146C0E216DCCFE006B94F8 /* Build configuration list for PBXNativeTarget "TumblrTests" */ = {
			isa = XCConfigurationList;
			buildConfigurations = (
				C7146C0F216DCCFE006B94F8 /* Debug */,
				C7146C10216DCCFE006B94F8 /* Release */,
			);
			defaultConfigurationIsVisible = 0;
			defaultConfigurationName = Release;
		};
		C7146C11216DCCFE006B94F8 /* Build configuration list for PBXNativeTarget "TumblrUITests" */ = {
			isa = XCConfigurationList;
			buildConfigurations = (
				C7146C12216DCCFE006B94F8 /* Debug */,
				C7146C13216DCCFE006B94F8 /* Release */,
			);
			defaultConfigurationIsVisible = 0;
			defaultConfigurationName = Release;
		};
/* End XCConfigurationList section */
	};
	rootObject = C7146BDB216DCCFD006B94F8 /* Project object */;
}
